
Microsoft Visual Studio Solution File, Format Version 12.00
# Visual Studio 15
VisualStudioVersion = 15.0.26430.15
MinimumVisualStudioVersion = 10.0.40219.1
Project("{8BC9CEB8-8B4A-11D0-8D11-00A0C91BC942}") = "PangPong", "PangPong\PangPong.vcxproj", "{EB13C5BF-1869-4E07-A4DE-E4C940E432BA}"
EndProject
Project("{2150E333-8FDC-42A3-9474-1A3956D46DE8}") = "Solution Items", "Solution Items", "{F10147CD-224A-4474-855D-58C53A806DBC}"
	ProjectSection(SolutionItems) = preProject
		LICENSE.md = LICENSE.md
		README.md = README.md
	EndProjectSection
EndProject
Global
	GlobalSection(SolutionConfigurationPlatforms) = preSolution
		Debug|x64 = Debug|x64
		Debug|x86 = Debug|x86
		Release|x64 = Release|x64
		Release|x86 = Release|x86
	EndGlobalSection
	GlobalSection(ProjectConfigurationPlatforms) = postSolution
		{EB13C5BF-1869-4E07-A4DE-E4C940E432BA}.Debug|x64.ActiveCfg = Debug|x64
		{EB13C5BF-1869-4E07-A4DE-E4C940E432BA}.Debug|x64.Build.0 = Debug|x64
		{EB13C5BF-1869-4E07-A4DE-E4C940E432BA}.Debug|x86.ActiveCfg = Debug|Win32
		{EB13C5BF-1869-4E07-A4DE-E4C940E432BA}.Debug|x86.Build.0 = Debug|Win32
		{EB13C5BF-1869-4E07-A4DE-E4C940E432BA}.Release|x64.ActiveCfg = Release|x64
		{EB13C5BF-1869-4E07-A4DE-E4C940E432BA}.Release|x64.Build.0 = Release|x64
		{EB13C5BF-1869-4E07-A4DE-E4C940E432BA}.Release|x86.ActiveCfg = Release|Win32
		{EB13C5BF-1869-4E07-A4DE-E4C940E432BA}.Release|x86.Build.0 = Release|Win32
	EndGlobalSection
	GlobalSection(SolutionProperties) = preSolution
		HideSolutionNode = FALSE
	EndGlobalSection
EndGlobal
